
Microsoft Visual Studio Solution File, Format Version 12.00
# Visual Studio Version 17
VisualStudioVersion = 17.14.36221.1
MinimumVisualStudioVersion = 10.0.40219.1
Project("{FAE04EC0-301F-11D3-BF4B-00C04F79EFBC}") = "ConsoleApp1", "ConsoleApp1\ConsoleApp1.csproj", "{BB26342D-B333-4893-98E0-273DD31DA351}"
EndProject
Global
	GlobalSection(SolutionConfigurationPlatforms) = preSolution
		Debug|Any CPU = Debug|Any CPU
		Release|Any CPU = Release|Any CPU
	EndGlobalSection
	GlobalSection(ProjectConfigurationPlatforms) = postSolution
		{BB26342D-B333-4893-98E0-273DD31DA351}.Debug|Any CPU.ActiveCfg = Debug|Any CPU
		{BB26342D-B333-4893-98E0-273DD31DA351}.Debug|Any CPU.Build.0 = Debug|Any CPU
		{BB26342D-B333-4893-98E0-273DD31DA351}.Release|Any CPU.ActiveCfg = Release|Any CPU
		{BB26342D-B333-4893-98E0-273DD31DA351}.Release|Any CPU.Build.0 = Release|Any CPU
	EndGlobalSection
	GlobalSection(SolutionProperties) = preSolution
		HideSolutionNode = FALSE
	EndGlobalSection
	GlobalSection(ExtensibilityGlobals) = postSolution
		SolutionGuid = {79A1C76B-317F-4E5D-A554-520E21C4322C}
	EndGlobalSection
EndGlobal
