
Microsoft Visual Studio Solution File, Format Version 12.00
# Visual Studio Version 17
VisualStudioVersion = 17.14.36221.1
MinimumVisualStudioVersion = 10.0.40219.1
Project("{FAE04EC0-301F-11D3-BF4B-00C04F79EFBC}") = "Guyda_Mura423", "Guyda_Mura4\Guyda_Mura423.csproj", "{13336483-ADD5-4537-BFF2-F3EABE35E59E}"
EndProject
Project("{FAE04EC0-301F-11D3-BF4B-00C04F79EFBC}") = "UnitTestProject1", "UnitTestProject1\UnitTestProject1.csproj", "{84D479D3-8935-4F8C-B88D-3B31A4968672}"
EndProject
Global
	GlobalSection(SolutionConfigurationPlatforms) = preSolution
		Debug|Any CPU = Debug|Any CPU
		Release|Any CPU = Release|Any CPU
	EndGlobalSection
	GlobalSection(ProjectConfigurationPlatforms) = postSolution
		{13336483-ADD5-4537-BFF2-F3EABE35E59E}.Debug|Any CPU.ActiveCfg = Debug|Any CPU
		{13336483-ADD5-4537-BFF2-F3EABE35E59E}.Debug|Any CPU.Build.0 = Debug|Any CPU
		{13336483-ADD5-4537-BFF2-F3EABE35E59E}.Release|Any CPU.ActiveCfg = Release|Any CPU
		{13336483-ADD5-4537-BFF2-F3EABE35E59E}.Release|Any CPU.Build.0 = Release|Any CPU
		{84D479D3-8935-4F8C-B88D-3B31A4968672}.Debug|Any CPU.ActiveCfg = Debug|Any CPU
		{84D479D3-8935-4F8C-B88D-3B31A4968672}.Debug|Any CPU.Build.0 = Debug|Any CPU
		{84D479D3-8935-4F8C-B88D-3B31A4968672}.Release|Any CPU.ActiveCfg = Release|Any CPU
		{84D479D3-8935-4F8C-B88D-3B31A4968672}.Release|Any CPU.Build.0 = Release|Any CPU
	EndGlobalSection
	GlobalSection(SolutionProperties) = preSolution
		HideSolutionNode = FALSE
	EndGlobalSection
	GlobalSection(ExtensibilityGlobals) = postSolution
		SolutionGuid = {79A1C76B-317F-4E5D-A554-520E21C4322C}
	EndGlobalSection
EndGlobal
